// !$*UTF8*$!
{
	archiveVersion = 1;
	classes = {
	};
	objectVersion = 77;
	objects = {

/* Begin PBXContainerItemProxy section */
		7F1B24C02FC1EC2300B7EE66 /* PBXContainerItemProxy */ = {
			isa = PBXContainerItemProxy;
			containerPortal = 7F1B249E2FC1EC2100B7EE66 /* Project object */;
			proxyType = 1;
			remoteGlobalIDString = 7F1B24A52FC1EC2100B7EE66;
			remoteInfo = TopMovies;
		};
		7F1B24CA2FC1EC2300B7EE66 /* PBXContainerItemProxy */ = {
			isa = PBXContainerItemProxy;
			containerPortal = 7F1B249E2FC1EC2100B7EE66 /* Project object */;
			proxyType = 1;
			remoteGlobalIDString = 7F1B24A52FC1EC2100B7EE66;
			remoteInfo = TopMovies;
		};
/* End PBXContainerItemProxy section */

/* Begin PBXFileReference section */
		7F1B24A62FC1EC2100B7EE66 /* TopMovies.app */ = {isa = PBXFileReference; explicitFileType = wrapper.application; includeInIndex = 0; path = TopMovies.app; sourceTree = BUILT_PRODUCTS_DIR; };
		7F1B24BF2FC1EC2300B7EE66 /* TopMoviesTests.xctest */ = {isa = PBXFileReference; explicitFileType = wrapper.cfbundle; includeInIndex = 0; path = TopMoviesTests.xctest; sourceTree = BUILT_PRODUCTS_DIR; };
		7F1B24C92FC1EC2300B7EE66 /* TopMoviesUITests.xctest */ = {isa = PBXFileReference; explicitFileType = wrapper.cfbundle; includeInIndex = 0; path = TopMoviesUITests.xctest; sourceTree = BUILT_PRODUCTS_DIR; };
/* End PBXFileReference section */

/* Begin PBXFileSystemSynchronizedBuildFileExceptionSet section */
		7F1B24D12FC1EC2300B7EE66 /* Exceptions for "TopMovies" folder in "TopMovies" target */ = {
			isa = PBXFileSystemSynchronizedBuildFileExceptionSet;
			membershipExceptions = (
				Info.plist,
			);
			target = 7F1B24A52FC1EC2100B7EE66 /* TopMovies */;
		};
/* End PBXFileSystemSynchronizedBuildFileExceptionSet section */

/* Begin PBXFileSystemSynchronizedRootGroup section */
		7F1B24A82FC1EC2100B7EE66 /* TopMovies */ = {
			isa = PBXFileSystemSynchronizedRootGroup;
			exceptions = (
				7F1B24D12FC1EC2300B7EE66 /* Exceptions for "TopMovies" folder in "TopMovies" target */,
			);
			path = TopMovies;
			sourceTree = "<group>";
		};
		7F1B24C22FC1EC2300B7EE66 /* TopMoviesTests */ = {
			isa = PBXFileSystemSynchronizedRootGroup;
			path = TopMoviesTests;
			sourceTree = "<group>";
		};
		7F1B24CC2FC1EC2300B7EE66 /* TopMoviesUITests */ = {
			isa = PBXFileSystemSynchronizedRootGroup;
			path = TopMoviesUITests;
			sourceTree = "<group>";
		};
/* End PBXFileSystemSynchronizedRootGroup section */

/* Begin PBXFrameworksBuildPhase section */
		7F1B24A32FC1EC2100B7EE66 /* Frameworks */ = {
			isa = PBXFrameworksBuildPhase;
			buildActionMask = 2147483647;
			files = (
			);
			runOnlyForDeploymentPostprocessing = 0;
		};
		7F1B24BC2FC1EC2300B7EE66 /* Frameworks */ = {
			isa = PBXFrameworksBuildPhase;
			buildActionMask = 2147483647;
			files = (
			);
			runOnlyForDeploymentPostprocessing = 0;
		};
		7F1B24C62FC1EC2300B7EE66 /* Frameworks */ = {
			isa = PBXFrameworksBuildPhase;
			buildActionMask = 2147483647;
			files = (
			);
			runOnlyForDeploymentPostprocessing = 0;
		};
/* End PBXFrameworksBuildPhase section */

/* Begin PBXGroup section */
		7F1B249D2FC1EC2100B7EE66 = {
			isa = PBXGroup;
			children = (
				7F1B24A82FC1EC2100B7EE66 /* TopMovies */,
				7F1B24C22FC1EC2300B7EE66 /* TopMoviesTests */,
				7F1B24CC2FC1EC2300B7EE66 /* TopMoviesUITests */,
				7F1B24A72FC1EC2100B7EE66 /* Products */,
			);
			sourceTree = "<group>";
		};
		7F1B24A72FC1EC2100B7EE66 /* Products */ = {
			isa = PBXGroup;
			children = (
				7F1B24A62FC1EC2100B7EE66 /* TopMovies.app */,
				7F1B24BF2FC1EC2300B7EE66 /* TopMoviesTests.xctest */,
				7F1B24C92FC1EC2300B7EE66 /* TopMoviesUITests.xctest */,
			);
			name = Products;
			sourceTree = "<group>";
		};
/* End PBXGroup section */

/* Begin PBXNativeTarget section */
		7F1B24A52FC1EC2100B7EE66 /* TopMovies */ = {
			isa = PBXNativeTarget;
			buildConfigurationList = 7F1B24D22FC1EC2300B7EE66 /* Build configuration list for PBXNativeTarget "TopMovies" */;
			buildPhases = (
				7F1B24A22FC1EC2100B7EE66 /* Sources */,
				7F1B24A32FC1EC2100B7EE66 /* Frameworks */,
				7F1B24A42FC1EC2100B7EE66 /* Resources */,
			);
			buildRules = (
			);
			dependencies = (
			);
			fileSystemSynchronizedGroups = (
				7F1B24A82FC1EC2100B7EE66 /* TopMovies */,
			);
			name = TopMovies;
			packageProductDependencies = (
			);
			productName = TopMovies;
			productReference = 7F1B24A62FC1EC2100B7EE66 /* TopMovies.app */;
			productType = "com.apple.product-type.application";
		};
		7F1B24BE2FC1EC2300B7EE66 /* TopMoviesTests */ = {
			isa = PBXNativeTarget;
			buildConfigurationList = 7F1B24D72FC1EC2300B7EE66 /* Build configuration list for PBXNativeTarget "TopMoviesTests" */;
			buildPhases = (
				7F1B24BB2FC1EC2300B7EE66 /* Sources */,
				7F1B24BC2FC1EC2300B7EE66 /* Frameworks */,
				7F1B24BD2FC1EC2300B7EE66 /* Resources */,
			);
			buildRules = (
			);
			dependencies = (
				7F1B24C12FC1EC2300B7EE66 /* PBXTargetDependency */,
			);
			fileSystemSynchronizedGroups = (
				7F1B24C22FC1EC2300B7EE66 /* TopMoviesTests */,
			);
			name = TopMoviesTests;
			packageProductDependencies = (
			);
			productName = TopMoviesTests;
			productReference = 7F1B24BF2FC1EC2300B7EE66 /* TopMoviesTests.xctest */;
			productType = "com.apple.product-type.bundle.unit-test";
		};
		7F1B24C82FC1EC2300B7EE66 /* TopMoviesUITests */ = {
			isa = PBXNativeTarget;
			buildConfigurationList = 7F1B24DA2FC1EC2300B7EE66 /* Build configuration list for PBXNativeTarget "TopMoviesUITests" */;
			buildPhases = (
				7F1B24C52FC1EC2300B7EE66 /* Sources */,
				7F1B24C62FC1EC2300B7EE66 /* Frameworks */,
				7F1B24C72FC1EC2300B7EE66 /* Resources */,
			);
			buildRules = (
			);
			dependencies = (
				7F1B24CB2FC1EC2300B7EE66 /* PBXTargetDependency */,
			);
			fileSystemSynchronizedGroups = (
				7F1B24CC2FC1EC2300B7EE66 /* TopMoviesUITests */,
			);
			name = TopMoviesUITests;
			packageProductDependencies = (
			);
			productName = TopMoviesUITests;
			productReference = 7F1B24C92FC1EC2300B7EE66 /* TopMoviesUITests.xctest */;
			productType = "com.apple.product-type.bundle.ui-testing";
		};
/* End PBXNativeTarget section */

/* Begin PBXProject section */
		7F1B249E2FC1EC2100B7EE66 /* Project object */ = {
			isa = PBXProject;
			attributes = {
				BuildIndependentTargetsInParallel = 1;
				LastSwiftUpdateCheck = 2630;
				LastUpgradeCheck = 2630;
				TargetAttributes = {
					7F1B24A52FC1EC2100B7EE66 = {
						CreatedOnToolsVersion = 26.3;
					};
					7F1B24BE2FC1EC2300B7EE66 = {
						CreatedOnToolsVersion = 26.3;
						TestTargetID = 7F1B24A52FC1EC2100B7EE66;
					};
					7F1B24C82FC1EC2300B7EE66 = {
						CreatedOnToolsVersion = 26.3;
						TestTargetID = 7F1B24A52FC1EC2100B7EE66;
					};
				};
			};
			buildConfigurationList = 7F1B24A12FC1EC2100B7EE66 /* Build configuration list for PBXProject "TopMovies" */;
			developmentRegion = en;
			hasScannedForEncodings = 0;
			knownRegions = (
				en,
				Base,
			);
			mainGroup = 7F1B249D2FC1EC2100B7EE66;
			minimizedProjectReferenceProxies = 1;
			preferredProjectObjectVersion = 77;
			productRefGroup = 7F1B24A72FC1EC2100B7EE66 /* Products */;
			projectDirPath = "";
			projectRoot = "";
			targets = (
				7F1B24A52FC1EC2100B7EE66 /* TopMovies */,
				7F1B24BE2FC1EC2300B7EE66 /* TopMoviesTests */,
				7F1B24C82FC1EC2300B7EE66 /* TopMoviesUITests */,
			);
		};
/* End PBXProject section */

/* Begin PBXResourcesBuildPhase section */
		7F1B24A42FC1EC2100B7EE66 /* Resources */ = {
			isa = PBXResourcesBuildPhase;
			buildActionMask = 2147483647;
			files = (
			);
			runOnlyForDeploymentPostprocessing = 0;
		};
		7F1B24BD2FC1EC2300B7EE66 /* Resources */ = {
			isa = PBXResourcesBuildPhase;
			buildActionMask = 2147483647;
			files = (
			);
			runOnlyForDeploymentPostprocessing = 0;
		};
		7F1B24C72FC1EC2300B7EE66 /* Resources */ = {
			isa = PBXResourcesBuildPhase;
			buildActionMask = 2147483647;
			files = (
			);
			runOnlyForDeploymentPostprocessing = 0;
		};
/* End PBXResourcesBuildPhase section */

/* Begin PBXSourcesBuildPhase section */
		7F1B24A22FC1EC2100B7EE66 /* Sources */ = {
			isa = PBXSourcesBuildPhase;
			buildActionMask = 2147483647;
			files = (
			);
			runOnlyForDeploymentPostprocessing = 0;
		};
		7F1B24BB2FC1EC2300B7EE66 /* Sources */ = {
			isa = PBXSourcesBuildPhase;
			buildActionMask = 2147483647;
			files = (
			);
			runOnlyForDeploymentPostprocessing = 0;
		};
		7F1B24C52FC1EC2300B7EE66 /* Sources */ = {
			isa = PBXSourcesBuildPhase;
			buildActionMask = 2147483647;
			files = (
			);
			runOnlyForDeploymentPostprocessing = 0;
		};
/* End PBXSourcesBuildPhase section */

/* Begin PBXTargetDependency section */
		7F1B24C12FC1EC2300B7EE66 /* PBXTargetDependency */ = {
			isa = PBXTargetDependency;
			target = 7F1B24A52FC1EC2100B7EE66 /* TopMovies */;
			targetProxy = 7F1B24C02FC1EC2300B7EE66 /* PBXContainerItemProxy */;
		};
		7F1B24CB2FC1EC2300B7EE66 /* PBXTargetDependency */ = {
			isa = PBXTargetDependency;
			target = 7F1B24A52FC1EC2100B7EE66 /* TopMovies */;
			targetProxy = 7F1B24CA2FC1EC2300B7EE66 /* PBXContainerItemProxy */;
		};
/* End PBXTargetDependency section */

/* Begin XCBuildConfiguration section */
		7F1B24D32FC1EC2300B7EE66 /* Debug */ = {
			isa = XCBuildConfiguration;
			buildSettings = {
				ASSETCATALOG_COMPILER_APPICON_NAME = AppIcon;
				ASSETCATALOG_COMPILER_GLOBAL_ACCENT_COLOR_NAME = AccentColor;
				CODE_SIGN_STYLE = Automatic;
				CURRENT_PROJECT_VERSION = 1;
				DEVELOPMENT_TEAM = 8632GR7884;
				GENERATE_INFOPLIST_FILE = YES;
				INFOPLIST_FILE = TopMovies/Info.plist;
				INFOPLIST_KEY_CFBundleDisplayName = TopMovies;
				INFOPLIST_KEY_UIApplicationSupportsIndirectInputEvents = YES;
				INFOPLIST_KEY_UILaunchStoryboardName = LaunchScreen;
				INFOPLIST_KEY_UIMainStoryboardFile = Main;
				INFOPLIST_KEY_UISupportedInterfaceOrientations = UIInterfaceOrientationPortrait;
				INFOPLIST_KEY_UISupportedInterfaceOrientations_iPad = "UIInterfaceOrientationPortrait UIInterfaceOrientationPortraitUpsideDown";
				IPHONEOS_DEPLOYMENT_TARGET = 18.6;
				LD_RUNPATH_SEARCH_PATHS = (
					"$(inherited)",
					"@executable_path/Frameworks",
				);
				MARKETING_VERSION = 1.0;
				PRODUCT_BUNDLE_IDENTIFIER = MinaHanna.TopMovies;
				PRODUCT_NAME = "$(TARGET_NAME)";
				STRING_CATALOG_GENERATE_SYMBOLS = YES;
				SWIFT_APPROACHABLE_CONCURRENCY = YES;
				SWIFT_DEFAULT_ACTOR_ISOLATION = MainActor;
				SWIFT_EMIT_LOC_STRINGS = YES;
				SWIFT_UPCOMING_FEATURE_MEMBER_IMPORT_VISIBILITY = YES;
				SWIFT_VERSION = 5.0;
				TARGETED_DEVICE_FAMILY = "1,2";
			};
			name = Debug;
		};
		7F1B24D42FC1EC2300B7EE66 /* Release */ = {
			isa = XCBuildConfiguration;
			buildSettings = {
				ASSETCATALOG_COMPILER_APPICON_NAME = AppIcon;
				ASSETCATALOG_COMPILER_GLOBAL_ACCENT_COLOR_NAME = AccentColor;
				CODE_SIGN_STYLE = Automatic;
				CURRENT_PROJECT_VERSION = 1;
				DEVELOPMENT_TEAM = 8632GR7884;
				GENERATE_INFOPLIST_FILE = YES;
				INFOPLIST_FILE = TopMovies/Info.plist;
				INFOPLIST_KEY_CFBundleDisplayName = TopMovies;
				INFOPLIST_KEY_UIApplicationSupportsIndirectInputEvents = YES;
				INFOPLIST_KEY_UILaunchStoryboardName = LaunchScreen;
				INFOPLIST_KEY_UIMainStoryboardFile = Main;
				INFOPLIST_KEY_UISupportedInterfaceOrientations = UIInterfaceOrientationPortrait;
				INFOPLIST_KEY_UISupportedInterfaceOrientations_iPad = "UIInterfaceOrientationPortrait UIInterfaceOrientationPortraitUpsideDown";
				IPHONEOS_DEPLOYMENT_TARGET = 18.6;
				LD_RUNPATH_SEARCH_PATHS = (
					"$(inherited)",
					"@executable_path/Frameworks",
				);
				MARKETING_VERSION = 1.0;
				PRODUCT_BUNDLE_IDENTIFIER = MinaHanna.TopMovies;
				PRODUCT_NAME = "$(TARGET_NAME)";
				STRING_CATALOG_GENERATE_SYMBOLS = YES;
				SWIFT_APPROACHABLE_CONCURRENCY = YES;
				SWIFT_DEFAULT_ACTOR_ISOLATION = MainActor;
				SWIFT_EMIT_LOC_STRINGS = YES;
				SWIFT_UPCOMING_FEATURE_MEMBER_IMPORT_VISIBILITY = YES;
				SWIFT_VERSION = 5.0;
				TARGETED_DEVICE_FAMILY = "1,2";
			};
			name = Release;
		};
		7F1B24D52FC1EC2300B7EE66 /* Debug */ = {
			isa = XCBuildConfiguration;
			buildSettings = {
				ALWAYS_SEARCH_USER_PATHS = NO;
				ASSETCATALOG_COMPILER_GENERATE_SWIFT_ASSET_SYMBOL_EXTENSIONS = YES;
				CLANG_ANALYZER_NONNULL = YES;
				CLANG_ANALYZER_NUMBER_OBJECT_CONVERSION = YES_AGGRESSIVE;
				CLANG_CXX_LANGUAGE_STANDARD = "gnu++20";
				CLANG_ENABLE_MODULES = YES;
				CLANG_ENABLE_OBJC_ARC = YES;
				CLANG_ENABLE_OBJC_WEAK = YES;
				CLANG_WARN_BLOCK_CAPTURE_AUTORELEASING = YES;
				CLANG_WARN_BOOL_CONVERSION = YES;
				CLANG_WARN_COMMA = YES;
				CLANG_WARN_CONSTANT_CONVERSION = YES;
				CLANG_WARN_DEPRECATED_OBJC_IMPLEMENTATIONS = YES;
				CLANG_WARN_DIRECT_OBJC_ISA_USAGE = YES_ERROR;
				CLANG_WARN_DOCUMENTATION_COMMENTS = YES;
				CLANG_WARN_EMPTY_BODY = YES;
				CLANG_WARN_ENUM_CONVERSION = YES;
				CLANG_WARN_INFINITE_RECURSION = YES;
				CLANG_WARN_INT_CONVERSION = YES;
				CLANG_WARN_NON_LITERAL_NULL_CONVERSION = YES;
				CLANG_WARN_OBJC_IMPLICIT_RETAIN_SELF = YES;
				CLANG_WARN_OBJC_LITERAL_CONVERSION = YES;
				CLANG_WARN_OBJC_ROOT_CLASS = YES_ERROR;
				CLANG_WARN_QUOTED_INCLUDE_IN_FRAMEWORK_HEADER = YES;
				CLANG_WARN_RANGE_LOOP_ANALYSIS = YES;
				CLANG_WARN_STRICT_PROTOTYPES = YES;
				CLANG_WARN_SUSPICIOUS_MOVE = YES;
				CLANG_WARN_UNGUARDED_AVAILABILITY = YES_AGGRESSIVE;
				CLANG_WARN_UNREACHABLE_CODE = YES;
				CLANG_WARN__DUPLICATE_METHOD_MATCH = YES;
				COPY_PHASE_STRIP = NO;
				DEBUG_INFORMATION_FORMAT = dwarf;
				DEVELOPMENT_TEAM = 8632GR7884;
				ENABLE_STRICT_OBJC_MSGSEND = YES;
				ENABLE_TESTABILITY = YES;
				ENABLE_USER_SCRIPT_SANDBOXING = YES;
				GCC_C_LANGUAGE_STANDARD = gnu17;
				GCC_DYNAMIC_NO_PIC = NO;
				GCC_NO_COMMON_BLOCKS = YES;
				GCC_OPTIMIZATION_LEVEL = 0;
				GCC_PREPROCESSOR_DEFINITIONS = (
					"DEBUG=1",
					"$(inherited)",
				);
				GCC_WARN_64_TO_32_BIT_CONVERSION = YES;
				GCC_WARN_ABOUT_RETURN_TYPE = YES_ERROR;
				GCC_WARN_UNDECLARED_SELECTOR = YES;
				GCC_WARN_UNINITIALIZED_AUTOS = YES_AGGRESSIVE;
				GCC_WARN_UNUSED_FUNCTION = YES;
				GCC_WARN_UNUSED_VARIABLE = YES;
				IPHONEOS_DEPLOYMENT_TARGET = 26.2;
				LOCALIZATION_PREFERS_STRING_CATALOGS = YES;
				MTL_ENABLE_DEBUG_INFO = INCLUDE_SOURCE;
				MTL_FAST_MATH = YES;
				ONLY_ACTIVE_ARCH = YES;
				SDKROOT = iphoneos;
				SWIFT_ACTIVE_COMPILATION_CONDITIONS = "DEBUG $(inherited)";
				SWIFT_OPTIMIZATION_LEVEL = "-Onone";
			};
			name = Debug;
		};
		7F1B24D62FC1EC2300B7EE66 /* Release */ = {
			isa = XCBuildConfiguration;
			buildSettings = {
				ALWAYS_SEARCH_USER_PATHS = NO;
				ASSETCATALOG_COMPILER_GENERATE_SWIFT_ASSET_SYMBOL_EXTENSIONS = YES;
				CLANG_ANALYZER_NONNULL = YES;
				CLANG_ANALYZER_NUMBER_OBJECT_CONVERSION = YES_AGGRESSIVE;
				CLANG_CXX_LANGUAGE_STANDARD = "gnu++20";
				CLANG_ENABLE_MODULES = YES;
				CLANG_ENABLE_OBJC_ARC = YES;
				CLANG_ENABLE_OBJC_WEAK = YES;
				CLANG_WARN_BLOCK_CAPTURE_AUTORELEASING = YES;
				CLANG_WARN_BOOL_CONVERSION = YES;
				CLANG_WARN_COMMA = YES;
				CLANG_WARN_CONSTANT_CONVERSION = YES;
				CLANG_WARN_DEPRECATED_OBJC_IMPLEMENTATIONS = YES;
				CLANG_WARN_DIRECT_OBJC_ISA_USAGE = YES_ERROR;
				CLANG_WARN_DOCUMENTATION_COMMENTS = YES;
				CLANG_WARN_EMPTY_BODY = YES;
				CLANG_WARN_ENUM_CONVERSION = YES;
				CLANG_WARN_INFINITE_RECURSION = YES;
				CLANG_WARN_INT_CONVERSION = YES;
				CLANG_WARN_NON_LITERAL_NULL_CONVERSION = YES;
				CLANG_WARN_OBJC_IMPLICIT_RETAIN_SELF = YES;
				CLANG_WARN_OBJC_LITERAL_CONVERSION = YES;
				CLANG_WARN_OBJC_ROOT_CLASS = YES_ERROR;
				CLANG_WARN_QUOTED_INCLUDE_IN_FRAMEWORK_HEADER = YES;
				CLANG_WARN_RANGE_LOOP_ANALYSIS = YES;
				CLANG_WARN_STRICT_PROTOTYPES = YES;
				CLANG_WARN_SUSPICIOUS_MOVE = YES;
				CLANG_WARN_UNGUARDED_AVAILABILITY = YES_AGGRESSIVE;
				CLANG_WARN_UNREACHABLE_CODE = YES;
				CLANG_WARN__DUPLICATE_METHOD_MATCH = YES;
				COPY_PHASE_STRIP = NO;
				DEBUG_INFORMATION_FORMAT = "dwarf-with-dsym";
				DEVELOPMENT_TEAM = 8632GR7884;
				ENABLE_NS_ASSERTIONS = NO;
				ENABLE_STRICT_OBJC_MSGSEND = YES;
				ENABLE_USER_SCRIPT_SANDBOXING = YES;
				GCC_C_LANGUAGE_STANDARD = gnu17;
				GCC_NO_COMMON_BLOCKS = YES;
				GCC_WARN_64_TO_32_BIT_CONVERSION = YES;
				GCC_WARN_ABOUT_RETURN_TYPE = YES_ERROR;
				GCC_WARN_UNDECLARED_SELECTOR = YES;
				GCC_WARN_UNINITIALIZED_AUTOS = YES_AGGRESSIVE;
				GCC_WARN_UNUSED_FUNCTION = YES;
				GCC_WARN_UNUSED_VARIABLE = YES;
				IPHONEOS_DEPLOYMENT_TARGET = 26.2;
				LOCALIZATION_PREFERS_STRING_CATALOGS = YES;
				MTL_ENABLE_DEBUG_INFO = NO;
				MTL_FAST_MATH = YES;
				SDKROOT = iphoneos;
				SWIFT_COMPILATION_MODE = wholemodule;
				VALIDATE_PRODUCT = YES;
			};
			name = Release;
		};
		7F1B24D82FC1EC2300B7EE66 /* Debug */ = {
			isa = XCBuildConfiguration;
			buildSettings = {
				BUNDLE_LOADER = "$(TEST_HOST)";
				CODE_SIGN_STYLE = Automatic;
				CURRENT_PROJECT_VERSION = 1;
				DEVELOPMENT_TEAM = 8632GR7884;
				GENERATE_INFOPLIST_FILE = YES;
				IPHONEOS_DEPLOYMENT_TARGET = 26.2;
				MARKETING_VERSION = 1.0;
				PRODUCT_BUNDLE_IDENTIFIER = MinaHanna.TopMoviesTests;
				PRODUCT_NAME = "$(TARGET_NAME)";
				STRING_CATALOG_GENERATE_SYMBOLS = NO;
				SWIFT_APPROACHABLE_CONCURRENCY = YES;
				SWIFT_EMIT_LOC_STRINGS = NO;
				SWIFT_UPCOMING_FEATURE_MEMBER_IMPORT_VISIBILITY = YES;
				SWIFT_VERSION = 5.0;
				TARGETED_DEVICE_FAMILY = "1,2";
				TEST_HOST = "$(BUILT_PRODUCTS_DIR)/TopMovies.app/$(BUNDLE_EXECUTABLE_FOLDER_PATH)/TopMovies";
			};
			name = Debug;
		};
		7F1B24D92FC1EC2300B7EE66 /* Release */ = {
			isa = XCBuildConfiguration;
			buildSettings = {
				BUNDLE_LOADER = "$(TEST_HOST)";
				CODE_SIGN_STYLE = Automatic;
				CURRENT_PROJECT_VERSION = 1;
				DEVELOPMENT_TEAM = 8632GR7884;
				GENERATE_INFOPLIST_FILE = YES;
				IPHONEOS_DEPLOYMENT_TARGET = 26.2;
				MARKETING_VERSION = 1.0;
				PRODUCT_BUNDLE_IDENTIFIER = MinaHanna.TopMoviesTests;
				PRODUCT_NAME = "$(TARGET_NAME)";
				STRING_CATALOG_GENERATE_SYMBOLS = NO;
				SWIFT_APPROACHABLE_CONCURRENCY = YES;
				SWIFT_EMIT_LOC_STRINGS = NO;
				SWIFT_UPCOMING_FEATURE_MEMBER_IMPORT_VISIBILITY = YES;
				SWIFT_VERSION = 5.0;
				TARGETED_DEVICE_FAMILY = "1,2";
				TEST_HOST = "$(BUILT_PRODUCTS_DIR)/TopMovies.app/$(BUNDLE_EXECUTABLE_FOLDER_PATH)/TopMovies";
			};
			name = Release;
		};
		7F1B24DB2FC1EC2300B7EE66 /* Debug */ = {
			isa = XCBuildConfiguration;
			buildSettings = {
				CODE_SIGN_STYLE = Automatic;
				CURRENT_PROJECT_VERSION = 1;
				DEVELOPMENT_TEAM = 8632GR7884;
				GENERATE_INFOPLIST_FILE = YES;
				MARKETING_VERSION = 1.0;
				PRODUCT_BUNDLE_IDENTIFIER = MinaHanna.TopMoviesUITests;
				PRODUCT_NAME = "$(TARGET_NAME)";
				STRING_CATALOG_GENERATE_SYMBOLS = NO;
				SWIFT_APPROACHABLE_CONCURRENCY = YES;
				SWIFT_EMIT_LOC_STRINGS = NO;
				SWIFT_UPCOMING_FEATURE_MEMBER_IMPORT_VISIBILITY = YES;
				SWIFT_VERSION = 5.0;
				TARGETED_DEVICE_FAMILY = "1,2";
				TEST_TARGET_NAME = TopMovies;
			};
			name = Debug;
		};
		7F1B24DC2FC1EC2300B7EE66 /* Release */ = {
			isa = XCBuildConfiguration;
			buildSettings = {
				CODE_SIGN_STYLE = Automatic;
				CURRENT_PROJECT_VERSION = 1;
				DEVELOPMENT_TEAM = 8632GR7884;
				GENERATE_INFOPLIST_FILE = YES;
				MARKETING_VERSION = 1.0;
				PRODUCT_BUNDLE_IDENTIFIER = MinaHanna.TopMoviesUITests;
				PRODUCT_NAME = "$(TARGET_NAME)";
				STRING_CATALOG_GENERATE_SYMBOLS = NO;
				SWIFT_APPROACHABLE_CONCURRENCY = YES;
				SWIFT_EMIT_LOC_STRINGS = NO;
				SWIFT_UPCOMING_FEATURE_MEMBER_IMPORT_VISIBILITY = YES;
				SWIFT_VERSION = 5.0;
				TARGETED_DEVICE_FAMILY = "1,2";
				TEST_TARGET_NAME = TopMovies;
			};
			name = Release;
		};
/* End XCBuildConfiguration section */

/* Begin XCConfigurationList section */
		7F1B24A12FC1EC2100B7EE66 /* Build configuration list for PBXProject "TopMovies" */ = {
			isa = XCConfigurationList;
			buildConfigurations = (
				7F1B24D52FC1EC2300B7EE66 /* Debug */,
				7F1B24D62FC1EC2300B7EE66 /* Release */,
			);
			defaultConfigurationIsVisible = 0;
			defaultConfigurationName = Release;
		};
		7F1B24D22FC1EC2300B7EE66 /* Build configuration list for PBXNativeTarget "TopMovies" */ = {
			isa = XCConfigurationList;
			buildConfigurations = (
				7F1B24D32FC1EC2300B7EE66 /* Debug */,
				7F1B24D42FC1EC2300B7EE66 /* Release */,
			);
			defaultConfigurationIsVisible = 0;
			defaultConfigurationName = Release;
		};
		7F1B24D72FC1EC2300B7EE66 /* Build configuration list for PBXNativeTarget "TopMoviesTests" */ = {
			isa = XCConfigurationList;
			buildConfigurations = (
				7F1B24D82FC1EC2300B7EE66 /* Debug */,
				7F1B24D92FC1EC2300B7EE66 /* Release */,
			);
			defaultConfigurationIsVisible = 0;
			defaultConfigurationName = Release;
		};
		7F1B24DA2FC1EC2300B7EE66 /* Build configuration list for PBXNativeTarget "TopMoviesUITests" */ = {
			isa = XCConfigurationList;
			buildConfigurations = (
				7F1B24DB2FC1EC2300B7EE66 /* Debug */,
				7F1B24DC2FC1EC2300B7EE66 /* Release */,
			);
			defaultConfigurationIsVisible = 0;
			defaultConfigurationName = Release;
		};
/* End XCConfigurationList section */
	};
	rootObject = 7F1B249E2FC1EC2100B7EE66 /* Project object */;
}
